
Microsoft Visual Studio Solution File, Format Version 12.00
# Visual Studio Version 17
VisualStudioVersion = 17.4.33213.308
MinimumVisualStudioVersion = 10.0.40219.1
Project("{FAE04EC0-301F-11D3-BF4B-00C04F79EFBC}") = "SistemaWebEmpleado", "SistemaWebEmpleado\SistemaWebEmpleado.csproj", "{21757627-B1C3-4CEA-B5FD-5998A4706AEE}"
EndProject
Global
	GlobalSection(SolutionConfigurationPlatforms) = preSolution
		Debug|Any CPU = Debug|Any CPU
		Release|Any CPU = Release|Any CPU
	EndGlobalSection
	GlobalSection(ProjectConfigurationPlatforms) = postSolution
		{21757627-B1C3-4CEA-B5FD-5998A4706AEE}.Debug|Any CPU.ActiveCfg = Debug|Any CPU
		{21757627-B1C3-4CEA-B5FD-5998A4706AEE}.Debug|Any CPU.Build.0 = Debug|Any CPU
		{21757627-B1C3-4CEA-B5FD-5998A4706AEE}.Release|Any CPU.ActiveCfg = Release|Any CPU
		{21757627-B1C3-4CEA-B5FD-5998A4706AEE}.Release|Any CPU.Build.0 = Release|Any CPU
	EndGlobalSection
	GlobalSection(SolutionProperties) = preSolution
		HideSolutionNode = FALSE
	EndGlobalSection
	GlobalSection(ExtensibilityGlobals) = postSolution
		SolutionGuid = {60F160FF-40D5-44F5-B199-09A48486B33A}
	EndGlobalSection
EndGlobal
